
Microsoft Visual Studio Solution File, Format Version 12.00
# Visual Studio 2013
VisualStudioVersion = 12.0.30501.0
MinimumVisualStudioVersion = 10.0.40219.1
Project("{FAE04EC0-301F-11D3-BF4B-00C04F79EFBC}") = "MathServiceLibrary", "MathServiceLibrary\MathServiceLibrary.csproj", "{B4AA0D41-9129-4027-BF3B-339E514F75E7}"
EndProject
Project("{FAE04EC0-301F-11D3-BF4B-00C04F79EFBC}") = "MathWindowsServiceHost", "MathWindowsServiceHost\MathWindowsServiceHost.csproj", "{B623CF8B-82E9-4C19-9BE2-386718ABD4FE}"
EndProject
Global
	GlobalSection(SolutionConfigurationPlatforms) = preSolution
		Debug|Any CPU = Debug|Any CPU
		Release|Any CPU = Release|Any CPU
	EndGlobalSection
	GlobalSection(ProjectConfigurationPlatforms) = postSolution
		{B4AA0D41-9129-4027-BF3B-339E514F75E7}.Debug|Any CPU.ActiveCfg = Debug|Any CPU
		{B4AA0D41-9129-4027-BF3B-339E514F75E7}.Debug|Any CPU.Build.0 = Debug|Any CPU
		{B4AA0D41-9129-4027-BF3B-339E514F75E7}.Release|Any CPU.ActiveCfg = Release|Any CPU
		{B4AA0D41-9129-4027-BF3B-339E514F75E7}.Release|Any CPU.Build.0 = Release|Any CPU
		{B623CF8B-82E9-4C19-9BE2-386718ABD4FE}.Debug|Any CPU.ActiveCfg = Debug|Any CPU
		{B623CF8B-82E9-4C19-9BE2-386718ABD4FE}.Debug|Any CPU.Build.0 = Debug|Any CPU
		{B623CF8B-82E9-4C19-9BE2-386718ABD4FE}.Release|Any CPU.ActiveCfg = Release|Any CPU
		{B623CF8B-82E9-4C19-9BE2-386718ABD4FE}.Release|Any CPU.Build.0 = Release|Any CPU
	EndGlobalSection
	GlobalSection(SolutionProperties) = preSolution
		HideSolutionNode = FALSE
	EndGlobalSection
EndGlobal
