
Microsoft Visual Studio Solution File, Format Version 12.00
# Visual Studio 2013
VisualStudioVersion = 12.0.30110.0
MinimumVisualStudioVersion = 10.0.40219.1
Project("{FAE04EC0-301F-11D3-BF4B-00C04F79EFBC}") = "NHibernateClass1", "NHibernateClass1\NHibernateClass1.csproj", "{17684A2C-8BFC-453F-80FC-913529DCBE03}"
EndProject
Project("{FAE04EC0-301F-11D3-BF4B-00C04F79EFBC}") = "NHibernateClass1.Tests", "NHibernateClass1.Tests\NHibernateClass1.Tests.csproj", "{DCD0174A-3ECB-4A1B-8D64-C9A6196433F7}"
EndProject
Global
	GlobalSection(SolutionConfigurationPlatforms) = preSolution
		Debug|Any CPU = Debug|Any CPU
		Release|Any CPU = Release|Any CPU
	EndGlobalSection
	GlobalSection(ProjectConfigurationPlatforms) = postSolution
		{17684A2C-8BFC-453F-80FC-913529DCBE03}.Debug|Any CPU.ActiveCfg = Debug|Any CPU
		{17684A2C-8BFC-453F-80FC-913529DCBE03}.Debug|Any CPU.Build.0 = Debug|Any CPU
		{17684A2C-8BFC-453F-80FC-913529DCBE03}.Release|Any CPU.ActiveCfg = Release|Any CPU
		{17684A2C-8BFC-453F-80FC-913529DCBE03}.Release|Any CPU.Build.0 = Release|Any CPU
		{DCD0174A-3ECB-4A1B-8D64-C9A6196433F7}.Debug|Any CPU.ActiveCfg = Debug|Any CPU
		{DCD0174A-3ECB-4A1B-8D64-C9A6196433F7}.Debug|Any CPU.Build.0 = Debug|Any CPU
		{DCD0174A-3ECB-4A1B-8D64-C9A6196433F7}.Release|Any CPU.ActiveCfg = Release|Any CPU
		{DCD0174A-3ECB-4A1B-8D64-C9A6196433F7}.Release|Any CPU.Build.0 = Release|Any CPU
	EndGlobalSection
	GlobalSection(SolutionProperties) = preSolution
		HideSolutionNode = FALSE
	EndGlobalSection
EndGlobal
