
Microsoft Visual Studio Solution File, Format Version 12.00
# Visual Studio 2013
VisualStudioVersion = 12.0.30110.0
MinimumVisualStudioVersion = 10.0.40219.1
Project("{FAE04EC0-301F-11D3-BF4B-00C04F79EFBC}") = "Testing", "ConsoleApplication1\Testing.csproj", "{F5AD54FF-8296-41B9-B210-5CD1881928F8}"
EndProject
Project("{FAE04EC0-301F-11D3-BF4B-00C04F79EFBC}") = "TestingClass", "ClassLibrary1\TestingClass.csproj", "{69BA7355-E90B-43A7-B212-B37CC8B016AB}"
EndProject
Global
	GlobalSection(SolutionConfigurationPlatforms) = preSolution
		Debug|Any CPU = Debug|Any CPU
		Release|Any CPU = Release|Any CPU
	EndGlobalSection
	GlobalSection(ProjectConfigurationPlatforms) = postSolution
		{F5AD54FF-8296-41B9-B210-5CD1881928F8}.Debug|Any CPU.ActiveCfg = Debug|Any CPU
		{F5AD54FF-8296-41B9-B210-5CD1881928F8}.Debug|Any CPU.Build.0 = Debug|Any CPU
		{F5AD54FF-8296-41B9-B210-5CD1881928F8}.Release|Any CPU.ActiveCfg = Release|Any CPU
		{F5AD54FF-8296-41B9-B210-5CD1881928F8}.Release|Any CPU.Build.0 = Release|Any CPU
		{69BA7355-E90B-43A7-B212-B37CC8B016AB}.Debug|Any CPU.ActiveCfg = Debug|Any CPU
		{69BA7355-E90B-43A7-B212-B37CC8B016AB}.Debug|Any CPU.Build.0 = Debug|Any CPU
		{69BA7355-E90B-43A7-B212-B37CC8B016AB}.Release|Any CPU.ActiveCfg = Release|Any CPU
		{69BA7355-E90B-43A7-B212-B37CC8B016AB}.Release|Any CPU.Build.0 = Release|Any CPU
	EndGlobalSection
	GlobalSection(SolutionProperties) = preSolution
		HideSolutionNode = FALSE
	EndGlobalSection
EndGlobal
