
Microsoft Visual Studio Solution File, Format Version 12.00
# Visual Studio 2012
Project("{8BC9CEB8-8B4A-11D0-8D11-00A0C91BC942}") = "ConsoleDT1", "ConsoleDT1\ConsoleDT1.vcxproj", "{69144F9C-DFD8-4FF1-845E-138497F846A6}"
EndProject
Project("{8BC9CEB8-8B4A-11D0-8D11-00A0C91BC942}") = "ConsoleDT2", "ConsoleDT2\ConsoleDT2.vcxproj", "{C281BC0D-5192-4642-8D4F-25D3EAFC2B78}"
EndProject
Global
	GlobalSection(SolutionConfigurationPlatforms) = preSolution
		Debug|Win32 = Debug|Win32
		Release|Win32 = Release|Win32
	EndGlobalSection
	GlobalSection(ProjectConfigurationPlatforms) = postSolution
		{69144F9C-DFD8-4FF1-845E-138497F846A6}.Debug|Win32.ActiveCfg = Debug|Win32
		{69144F9C-DFD8-4FF1-845E-138497F846A6}.Debug|Win32.Build.0 = Debug|Win32
		{69144F9C-DFD8-4FF1-845E-138497F846A6}.Release|Win32.ActiveCfg = Release|Win32
		{69144F9C-DFD8-4FF1-845E-138497F846A6}.Release|Win32.Build.0 = Release|Win32
		{C281BC0D-5192-4642-8D4F-25D3EAFC2B78}.Debug|Win32.ActiveCfg = Debug|Win32
		{C281BC0D-5192-4642-8D4F-25D3EAFC2B78}.Debug|Win32.Build.0 = Debug|Win32
		{C281BC0D-5192-4642-8D4F-25D3EAFC2B78}.Release|Win32.ActiveCfg = Release|Win32
		{C281BC0D-5192-4642-8D4F-25D3EAFC2B78}.Release|Win32.Build.0 = Release|Win32
	EndGlobalSection
	GlobalSection(SolutionProperties) = preSolution
		HideSolutionNode = FALSE
	EndGlobalSection
EndGlobal
